
Microsoft Visual Studio Solution File, Format Version 12.00
Project("{FAE04EC0-301F-11D3-BF4B-00C04F79EFBC}") = "NPOI.Extensions.Web", "NPOI.Extensions.Web\NPOI.Extensions.Web.csproj", "{252026FD-B316-4156-9CBD-F2C5120F3DB7}"
EndProject
Project("{FAE04EC0-301F-11D3-BF4B-00C04F79EFBC}") = "ExtensionsApiTest", "ExtensionsApiTest\ExtensionsApiTest.csproj", "{9E35B287-2C67-462A-8954-83149BD77D74}"
EndProject
Global
	GlobalSection(SolutionConfigurationPlatforms) = preSolution
		Debug|Any CPU = Debug|Any CPU
		Release|Any CPU = Release|Any CPU
	EndGlobalSection
	GlobalSection(ProjectConfigurationPlatforms) = postSolution
		{252026FD-B316-4156-9CBD-F2C5120F3DB7}.Debug|Any CPU.ActiveCfg = Debug|Any CPU
		{252026FD-B316-4156-9CBD-F2C5120F3DB7}.Debug|Any CPU.Build.0 = Debug|Any CPU
		{252026FD-B316-4156-9CBD-F2C5120F3DB7}.Release|Any CPU.ActiveCfg = Release|Any CPU
		{252026FD-B316-4156-9CBD-F2C5120F3DB7}.Release|Any CPU.Build.0 = Release|Any CPU
		{9E35B287-2C67-462A-8954-83149BD77D74}.Debug|Any CPU.ActiveCfg = Debug|Any CPU
		{9E35B287-2C67-462A-8954-83149BD77D74}.Debug|Any CPU.Build.0 = Debug|Any CPU
		{9E35B287-2C67-462A-8954-83149BD77D74}.Release|Any CPU.ActiveCfg = Release|Any CPU
		{9E35B287-2C67-462A-8954-83149BD77D74}.Release|Any CPU.Build.0 = Release|Any CPU
	EndGlobalSection
EndGlobal
